// !$*UTF8*$!
{
	archiveVersion = 1;
	classes = {
	};
	objectVersion = 48;
	objects = {

/* Begin PBXBuildFile section */
		D37922461FBB50E600638AFB /* FriendListTableViewController.swift in Sources */ = {isa = PBXBuildFile; fileRef = D37922451FBB50E600638AFB /* FriendListTableViewController.swift */; };
		D3D926241FB6F63A008CA17D /* AppDelegate.swift in Sources */ = {isa = PBXBuildFile; fileRef = D3D926231FB6F63A008CA17D /* AppDelegate.swift */; };
		D3D926261FB6F63A008CA17D /* ViewController.swift in Sources */ = {isa = PBXBuildFile; fileRef = D3D926251FB6F63A008CA17D /* ViewController.swift */; };
		D3D926291FB6F63A008CA17D /* Main.storyboard in Resources */ = {isa = PBXBuildFile; fileRef = D3D926271FB6F63A008CA17D /* Main.storyboard */; };
		D3D9262B1FB6F63A008CA17D /* Assets.xcassets in Resources */ = {isa = PBXBuildFile; fileRef = D3D9262A1FB6F63A008CA17D /* Assets.xcassets */; };
		D3D9262E1FB6F63A008CA17D /* LaunchScreen.storyboard in Resources */ = {isa = PBXBuildFile; fileRef = D3D9262C1FB6F63A008CA17D /* LaunchScreen.storyboard */; };
		D3D926441FB6FB4A008CA17D /* FBSDKCoreKit.framework in Frameworks */ = {isa = PBXBuildFile; fileRef = D3D926421FB6FB4A008CA17D /* FBSDKCoreKit.framework */; };
		D3D926451FB6FB4A008CA17D /* FBSDKLoginKit.framework in Frameworks */ = {isa = PBXBuildFile; fileRef = D3D926431FB6FB4A008CA17D /* FBSDKLoginKit.framework */; };
/* End PBXBuildFile section */

/* Begin PBXFileReference section */
		D35306FF1FBF6A4F00CD338B /* FBAPI.entitlements */ = {isa = PBXFileReference; lastKnownFileType = text.plist.entitlements; path = FBAPI.entitlements; sourceTree = "<group>"; };
		D37922451FBB50E600638AFB /* FriendListTableViewController.swift */ = {isa = PBXFileReference; lastKnownFileType = sourcecode.swift; path = FriendListTableViewController.swift; sourceTree = "<group>"; };
		D3D926201FB6F63A008CA17D /* FBAPI.app */ = {isa = PBXFileReference; explicitFileType = wrapper.application; includeInIndex = 0; path = FBAPI.app; sourceTree = BUILT_PRODUCTS_DIR; };
		D3D926231FB6F63A008CA17D /* AppDelegate.swift */ = {isa = PBXFileReference; lastKnownFileType = sourcecode.swift; path = AppDelegate.swift; sourceTree = "<group>"; };
		D3D926251FB6F63A008CA17D /* ViewController.swift */ = {isa = PBXFileReference; lastKnownFileType = sourcecode.swift; path = ViewController.swift; sourceTree = "<group>"; };
		D3D926281FB6F63A008CA17D /* Base */ = {isa = PBXFileReference; lastKnownFileType = file.storyboard; name = Base; path = Base.lproj/Main.storyboard; sourceTree = "<group>"; };
		D3D9262A1FB6F63A008CA17D /* Assets.xcassets */ = {isa = PBXFileReference; lastKnownFileType = folder.assetcatalog; path = Assets.xcassets; sourceTree = "<group>"; };
		D3D9262D1FB6F63A008CA17D /* Base */ = {isa = PBXFileReference; lastKnownFileType = file.storyboard; name = Base; path = Base.lproj/LaunchScreen.storyboard; sourceTree = "<group>"; };
		D3D9262F1FB6F63A008CA17D /* Info.plist */ = {isa = PBXFileReference; lastKnownFileType = text.plist.xml; path = Info.plist; sourceTree = "<group>"; };
		D3D926421FB6FB4A008CA17D /* FBSDKCoreKit.framework */ = {isa = PBXFileReference; lastKnownFileType = wrapper.framework; name = FBSDKCoreKit.framework; path = ../../../../Documents/FacebookSDK/FBSDKCoreKit.framework; sourceTree = "<group>"; };
		D3D926431FB6FB4A008CA17D /* FBSDKLoginKit.framework */ = {isa = PBXFileReference; lastKnownFileType = wrapper.framework; name = FBSDKLoginKit.framework; path = ../../../../Documents/FacebookSDK/FBSDKLoginKit.framework; sourceTree = "<group>"; };
/* End PBXFileReference section */

/* Begin PBXFrameworksBuildPhase section */
		D3D9261D1FB6F63A008CA17D /* Frameworks */ = {
			isa = PBXFrameworksBuildPhase;
			buildActionMask = 2147483647;
			files = (
				D3D926441FB6FB4A008CA17D /* FBSDKCoreKit.framework in Frameworks */,
				D3D926451FB6FB4A008CA17D /* FBSDKLoginKit.framework in Frameworks */,
			);
			runOnlyForDeploymentPostprocessing = 0;
		};
/* End PBXFrameworksBuildPhase section */

/* Begin PBXGroup section */
		D3D926171FB6F63A008CA17D = {
			isa = PBXGroup;
			children = (
				D3D926221FB6F63A008CA17D /* FBAPI */,
				D3D926211FB6F63A008CA17D /* Products */,
				D3D926351FB6F80A008CA17D /* Frameworks */,
			);
			sourceTree = "<group>";
		};
		D3D926211FB6F63A008CA17D /* Products */ = {
			isa = PBXGroup;
			children = (
				D3D926201FB6F63A008CA17D /* FBAPI.app */,
			);
			name = Products;
			sourceTree = "<group>";
		};
		D3D926221FB6F63A008CA17D /* FBAPI */ = {
			isa = PBXGroup;
			children = (
				D35306FF1FBF6A4F00CD338B /* FBAPI.entitlements */,
				D3D926231FB6F63A008CA17D /* AppDelegate.swift */,
				D3D926251FB6F63A008CA17D /* ViewController.swift */,
				D37922451FBB50E600638AFB /* FriendListTableViewController.swift */,
				D3D926271FB6F63A008CA17D /* Main.storyboard */,
				D3D9262A1FB6F63A008CA17D /* Assets.xcassets */,
				D3D9262C1FB6F63A008CA17D /* LaunchScreen.storyboard */,
				D3D9262F1FB6F63A008CA17D /* Info.plist */,
			);
			path = FBAPI;
			sourceTree = "<group>";
		};
		D3D926351FB6F80A008CA17D /* Frameworks */ = {
			isa = PBXGroup;
			children = (
				D3D926421FB6FB4A008CA17D /* FBSDKCoreKit.framework */,
				D3D926431FB6FB4A008CA17D /* FBSDKLoginKit.framework */,
			);
			name = Frameworks;
			sourceTree = "<group>";
		};
/* End PBXGroup section */

/* Begin PBXNativeTarget section */
		D3D9261F1FB6F63A008CA17D /* FBAPI */ = {
			isa = PBXNativeTarget;
			buildConfigurationList = D3D926321FB6F63A008CA17D /* Build configuration list for PBXNativeTarget "FBAPI" */;
			buildPhases = (
				D3D9261C1FB6F63A008CA17D /* Sources */,
				D3D9261D1FB6F63A008CA17D /* Frameworks */,
				D3D9261E1FB6F63A008CA17D /* Resources */,
			);
			buildRules = (
			);
			dependencies = (
			);
			name = FBAPI;
			productName = FBAPI;
			productReference = D3D926201FB6F63A008CA17D /* FBAPI.app */;
			productType = "com.apple.product-type.application";
		};
/* End PBXNativeTarget section */

/* Begin PBXProject section */
		D3D926181FB6F63A008CA17D /* Project object */ = {
			isa = PBXProject;
			attributes = {
				LastSwiftUpdateCheck = 0910;
				LastUpgradeCheck = 0910;
				ORGANIZATIONNAME = SuJustin;
				TargetAttributes = {
					D3D9261F1FB6F63A008CA17D = {
						CreatedOnToolsVersion = 9.1;
						ProvisioningStyle = Automatic;
						SystemCapabilities = {
							com.apple.Keychain = {
								enabled = 1;
							};
						};
					};
				};
			};
			buildConfigurationList = D3D9261B1FB6F63A008CA17D /* Build configuration list for PBXProject "FBAPI" */;
			compatibilityVersion = "Xcode 8.0";
			developmentRegion = en;
			hasScannedForEncodings = 0;
			knownRegions = (
				en,
				Base,
			);
			mainGroup = D3D926171FB6F63A008CA17D;
			productRefGroup = D3D926211FB6F63A008CA17D /* Products */;
			projectDirPath = "";
			projectRoot = "";
			targets = (
				D3D9261F1FB6F63A008CA17D /* FBAPI */,
			);
		};
/* End PBXProject section */

/* Begin PBXResourcesBuildPhase section */
		D3D9261E1FB6F63A008CA17D /* Resources */ = {
			isa = PBXResourcesBuildPhase;
			buildActionMask = 2147483647;
			files = (
				D3D9262E1FB6F63A008CA17D /* LaunchScreen.storyboard in Resources */,
				D3D9262B1FB6F63A008CA17D /* Assets.xcassets in Resources */,
				D3D926291FB6F63A008CA17D /* Main.storyboard in Resources */,
			);
			runOnlyForDeploymentPostprocessing = 0;
		};
/* End PBXResourcesBuildPhase section */

/* Begin PBXSourcesBuildPhase section */
		D3D9261C1FB6F63A008CA17D /* Sources */ = {
			isa = PBXSourcesBuildPhase;
			buildActionMask = 2147483647;
			files = (
				D37922461FBB50E600638AFB /* FriendListTableViewController.swift in Sources */,
				D3D926261FB6F63A008CA17D /* ViewController.swift in Sources */,
				D3D926241FB6F63A008CA17D /* AppDelegate.swift in Sources */,
			);
			runOnlyForDeploymentPostprocessing = 0;
		};
/* End PBXSourcesBuildPhase section */

/* Begin PBXVariantGroup section */
		D3D926271FB6F63A008CA17D /* Main.storyboard */ = {
			isa = PBXVariantGroup;
			children = (
				D3D926281FB6F63A008CA17D /* Base */,
			);
			name = Main.storyboard;
			sourceTree = "<group>";
		};
		D3D9262C1FB6F63A008CA17D /* LaunchScreen.storyboard */ = {
			isa = PBXVariantGroup;
			children = (
				D3D9262D1FB6F63A008CA17D /* Base */,
			);
			name = LaunchScreen.storyboard;
			sourceTree = "<group>";
		};
/* End PBXVariantGroup section */

/* Begin XCBuildConfiguration section */
		D3D926301FB6F63A008CA17D /* Debug */ = {
			isa = XCBuildConfiguration;
			buildSettings = {
				ALWAYS_SEARCH_USER_PATHS = NO;
				CLANG_ANALYZER_NONNULL = YES;
				CLANG_ANALYZER_NUMBER_OBJECT_CONVERSION = YES_AGGRESSIVE;
				CLANG_CXX_LANGUAGE_STANDARD = "gnu++14";
				CLANG_CXX_LIBRARY = "libc++";
				CLANG_ENABLE_MODULES = YES;
				CLANG_ENABLE_OBJC_ARC = YES;
				CLANG_WARN_BLOCK_CAPTURE_AUTORELEASING = YES;
				CLANG_WARN_BOOL_CONVERSION = YES;
				CLANG_WARN_COMMA = YES;
				CLANG_WARN_CONSTANT_CONVERSION = YES;
				CLANG_WARN_DIRECT_OBJC_ISA_USAGE = YES_ERROR;
				CLANG_WARN_DOCUMENTATION_COMMENTS = YES;
				CLANG_WARN_EMPTY_BODY = YES;
				CLANG_WARN_ENUM_CONVERSION = YES;
				CLANG_WARN_INFINITE_RECURSION = YES;
				CLANG_WARN_INT_CONVERSION = YES;
				CLANG_WARN_NON_LITERAL_NULL_CONVERSION = YES;
				CLANG_WARN_OBJC_LITERAL_CONVERSION = YES;
				CLANG_WARN_OBJC_ROOT_CLASS = YES_ERROR;
				CLANG_WARN_RANGE_LOOP_ANALYSIS = YES;
				CLANG_WARN_STRICT_PROTOTYPES = YES;
				CLANG_WARN_SUSPICIOUS_MOVE = YES;
				CLANG_WARN_UNGUARDED_AVAILABILITY = YES_AGGRESSIVE;
				CLANG_WARN_UNREACHABLE_CODE = YES;
				CLANG_WARN__DUPLICATE_METHOD_MATCH = YES;
				CODE_SIGN_IDENTITY = "iPhone Developer";
				COPY_PHASE_STRIP = NO;
				DEBUG_INFORMATION_FORMAT = dwarf;
				ENABLE_STRICT_OBJC_MSGSEND = YES;
				ENABLE_TESTABILITY = YES;
				GCC_C_LANGUAGE_STANDARD = gnu11;
				GCC_DYNAMIC_NO_PIC = NO;
				GCC_NO_COMMON_BLOCKS = YES;
				GCC_OPTIMIZATION_LEVEL = 0;
				GCC_PREPROCESSOR_DEFINITIONS = (
					"DEBUG=1",
					"$(inherited)",
				);
				GCC_WARN_64_TO_32_BIT_CONVERSION = YES;
				GCC_WARN_ABOUT_RETURN_TYPE = YES_ERROR;
				GCC_WARN_UNDECLARED_SELECTOR = YES;
				GCC_WARN_UNINITIALIZED_AUTOS = YES_AGGRESSIVE;
				GCC_WARN_UNUSED_FUNCTION = YES;
				GCC_WARN_UNUSED_VARIABLE = YES;
				IPHONEOS_DEPLOYMENT_TARGET = 11.1;
				MTL_ENABLE_DEBUG_INFO = YES;
				ONLY_ACTIVE_ARCH = YES;
				SDKROOT = iphoneos;
				SWIFT_ACTIVE_COMPILATION_CONDITIONS = DEBUG;
				SWIFT_OPTIMIZATION_LEVEL = "-Onone";
			};
			name = Debug;
		};
		D3D926311FB6F63A008CA17D /* Release */ = {
			isa = XCBuildConfiguration;
			buildSettings = {
				ALWAYS_SEARCH_USER_PATHS = NO;
				CLANG_ANALYZER_NONNULL = YES;
				CLANG_ANALYZER_NUMBER_OBJECT_CONVERSION = YES_AGGRESSIVE;
				CLANG_CXX_LANGUAGE_STANDARD = "gnu++14";
				CLANG_CXX_LIBRARY = "libc++";
				CLANG_ENABLE_MODULES = YES;
				CLANG_ENABLE_OBJC_ARC = YES;
				CLANG_WARN_BLOCK_CAPTURE_AUTORELEASING = YES;
				CLANG_WARN_BOOL_CONVERSION = YES;
				CLANG_WARN_COMMA = YES;
				CLANG_WARN_CONSTANT_CONVERSION = YES;
				CLANG_WARN_DIRECT_OBJC_ISA_USAGE = YES_ERROR;
				CLANG_WARN_DOCUMENTATION_COMMENTS = YES;
				CLANG_WARN_EMPTY_BODY = YES;
				CLANG_WARN_ENUM_CONVERSION = YES;
				CLANG_WARN_INFINITE_RECURSION = YES;
				CLANG_WARN_INT_CONVERSION = YES;
				CLANG_WARN_NON_LITERAL_NULL_CONVERSION = YES;
				CLANG_WARN_OBJC_LITERAL_CONVERSION = YES;
				CLANG_WARN_OBJC_ROOT_CLASS = YES_ERROR;
				CLANG_WARN_RANGE_LOOP_ANALYSIS = YES;
				CLANG_WARN_STRICT_PROTOTYPES = YES;
				CLANG_WARN_SUSPICIOUS_MOVE = YES;
				CLANG_WARN_UNGUARDED_AVAILABILITY = YES_AGGRESSIVE;
				CLANG_WARN_UNREACHABLE_CODE = YES;
				CLANG_WARN__DUPLICATE_METHOD_MATCH = YES;
				CODE_SIGN_IDENTITY = "iPhone Developer";
				COPY_PHASE_STRIP = NO;
				DEBUG_INFORMATION_FORMAT = "dwarf-with-dsym";
				ENABLE_NS_ASSERTIONS = NO;
				ENABLE_STRICT_OBJC_MSGSEND = YES;
				GCC_C_LANGUAGE_STANDARD = gnu11;
				GCC_NO_COMMON_BLOCKS = YES;
				GCC_WARN_64_TO_32_BIT_CONVERSION = YES;
				GCC_WARN_ABOUT_RETURN_TYPE = YES_ERROR;
				GCC_WARN_UNDECLARED_SELECTOR = YES;
				GCC_WARN_UNINITIALIZED_AUTOS = YES_AGGRESSIVE;
				GCC_WARN_UNUSED_FUNCTION = YES;
				GCC_WARN_UNUSED_VARIABLE = YES;
				IPHONEOS_DEPLOYMENT_TARGET = 11.1;
				MTL_ENABLE_DEBUG_INFO = NO;
				SDKROOT = iphoneos;
				SWIFT_OPTIMIZATION_LEVEL = "-Owholemodule";
				VALIDATE_PRODUCT = YES;
			};
			name = Release;
		};
		D3D926331FB6F63A008CA17D /* Debug */ = {
			isa = XCBuildConfiguration;
			buildSettings = {
				ASSETCATALOG_COMPILER_APPICON_NAME = AppIcon;
				CODE_SIGN_ENTITLEMENTS = FBAPI/FBAPI.entitlements;
				CODE_SIGN_STYLE = Automatic;
				DEVELOPMENT_TEAM = 73JT68725H;
				ENABLE_BITCODE = NO;
				FRAMEWORK_SEARCH_PATHS = (
					"$(inherited)",
					"$(PROJECT_DIR)",
					"~/Documents/FacebookSDK",
				);
				INFOPLIST_FILE = FBAPI/Info.plist;
				IPHONEOS_DEPLOYMENT_TARGET = 11.0;
				LD_RUNPATH_SEARCH_PATHS = "$(inherited) @executable_path/Frameworks";
				PRODUCT_BUNDLE_IDENTIFIER = com.SuJustin.FBAPI;
				PRODUCT_NAME = "$(TARGET_NAME)";
				SWIFT_VERSION = 4.0;
				TARGETED_DEVICE_FAMILY = "1,2";
			};
			name = Debug;
		};
		D3D926341FB6F63A008CA17D /* Release */ = {
			isa = XCBuildConfiguration;
			buildSettings = {
				ASSETCATALOG_COMPILER_APPICON_NAME = AppIcon;
				CODE_SIGN_ENTITLEMENTS = FBAPI/FBAPI.entitlements;
				CODE_SIGN_STYLE = Automatic;
				DEVELOPMENT_TEAM = 73JT68725H;
				ENABLE_BITCODE = NO;
				FRAMEWORK_SEARCH_PATHS = (
					"$(inherited)",
					"$(PROJECT_DIR)",
					"~/Documents/FacebookSDK",
				);
				INFOPLIST_FILE = FBAPI/Info.plist;
				IPHONEOS_DEPLOYMENT_TARGET = 11.0;
				LD_RUNPATH_SEARCH_PATHS = "$(inherited) @executable_path/Frameworks";
				PRODUCT_BUNDLE_IDENTIFIER = com.SuJustin.FBAPI;
				PRODUCT_NAME = "$(TARGET_NAME)";
				SWIFT_VERSION = 4.0;
				TARGETED_DEVICE_FAMILY = "1,2";
			};
			name = Release;
		};
/* End XCBuildConfiguration section */

/* Begin XCConfigurationList section */
		D3D9261B1FB6F63A008CA17D /* Build configuration list for PBXProject "FBAPI" */ = {
			isa = XCConfigurationList;
			buildConfigurations = (
				D3D926301FB6F63A008CA17D /* Debug */,
				D3D926311FB6F63A008CA17D /* Release */,
			);
			defaultConfigurationIsVisible = 0;
			defaultConfigurationName = Release;
		};
		D3D926321FB6F63A008CA17D /* Build configuration list for PBXNativeTarget "FBAPI" */ = {
			isa = XCConfigurationList;
			buildConfigurations = (
				D3D926331FB6F63A008CA17D /* Debug */,
				D3D926341FB6F63A008CA17D /* Release */,
			);
			defaultConfigurationIsVisible = 0;
			defaultConfigurationName = Release;
		};
/* End XCConfigurationList section */
	};
	rootObject = D3D926181FB6F63A008CA17D /* Project object */;
}
