// !$*UTF8*$!
{
	archiveVersion = 1;
	classes = {
	};
	objectVersion = 46;
	objects = {

/* Begin PBXBuildFile section */
		D395681D1F4C6B9F007754E1 /* AppDelegate.swift in Sources */ = {isa = PBXBuildFile; fileRef = D395681C1F4C6B9F007754E1 /* AppDelegate.swift */; };
		D395681F1F4C6B9F007754E1 /* ViewController.swift in Sources */ = {isa = PBXBuildFile; fileRef = D395681E1F4C6B9F007754E1 /* ViewController.swift */; };
		D39568221F4C6B9F007754E1 /* Main.storyboard in Resources */ = {isa = PBXBuildFile; fileRef = D39568201F4C6B9F007754E1 /* Main.storyboard */; };
		D39568241F4C6B9F007754E1 /* Assets.xcassets in Resources */ = {isa = PBXBuildFile; fileRef = D39568231F4C6B9F007754E1 /* Assets.xcassets */; };
		D39568271F4C6B9F007754E1 /* LaunchScreen.storyboard in Resources */ = {isa = PBXBuildFile; fileRef = D39568251F4C6B9F007754E1 /* LaunchScreen.storyboard */; };
		D39568341F509C2D007754E1 /* RecordingVoice.swift in Sources */ = {isa = PBXBuildFile; fileRef = D39568321F509C2D007754E1 /* RecordingVoice.swift */; };
		D39568351F509C2D007754E1 /* Speech.swift in Sources */ = {isa = PBXBuildFile; fileRef = D39568331F509C2D007754E1 /* Speech.swift */; };
/* End PBXBuildFile section */

/* Begin PBXFileReference section */
		D39568191F4C6B9F007754E1 /* SpeechKit.app */ = {isa = PBXFileReference; explicitFileType = wrapper.application; includeInIndex = 0; path = SpeechKit.app; sourceTree = BUILT_PRODUCTS_DIR; };
		D395681C1F4C6B9F007754E1 /* AppDelegate.swift */ = {isa = PBXFileReference; lastKnownFileType = sourcecode.swift; path = AppDelegate.swift; sourceTree = "<group>"; };
		D395681E1F4C6B9F007754E1 /* ViewController.swift */ = {isa = PBXFileReference; lastKnownFileType = sourcecode.swift; path = ViewController.swift; sourceTree = "<group>"; };
		D39568211F4C6B9F007754E1 /* Base */ = {isa = PBXFileReference; lastKnownFileType = file.storyboard; name = Base; path = Base.lproj/Main.storyboard; sourceTree = "<group>"; };
		D39568231F4C6B9F007754E1 /* Assets.xcassets */ = {isa = PBXFileReference; lastKnownFileType = folder.assetcatalog; path = Assets.xcassets; sourceTree = "<group>"; };
		D39568261F4C6B9F007754E1 /* Base */ = {isa = PBXFileReference; lastKnownFileType = file.storyboard; name = Base; path = Base.lproj/LaunchScreen.storyboard; sourceTree = "<group>"; };
		D39568281F4C6B9F007754E1 /* Info.plist */ = {isa = PBXFileReference; lastKnownFileType = text.plist.xml; path = Info.plist; sourceTree = "<group>"; };
		D39568321F509C2D007754E1 /* RecordingVoice.swift */ = {isa = PBXFileReference; fileEncoding = 4; lastKnownFileType = sourcecode.swift; path = RecordingVoice.swift; sourceTree = "<group>"; };
		D39568331F509C2D007754E1 /* Speech.swift */ = {isa = PBXFileReference; fileEncoding = 4; lastKnownFileType = sourcecode.swift; path = Speech.swift; sourceTree = "<group>"; };
/* End PBXFileReference section */

/* Begin PBXFrameworksBuildPhase section */
		D39568161F4C6B9F007754E1 /* Frameworks */ = {
			isa = PBXFrameworksBuildPhase;
			buildActionMask = 2147483647;
			files = (
			);
			runOnlyForDeploymentPostprocessing = 0;
		};
/* End PBXFrameworksBuildPhase section */

/* Begin PBXGroup section */
		D39568101F4C6B9F007754E1 = {
			isa = PBXGroup;
			children = (
				D395681B1F4C6B9F007754E1 /* SpeechKit */,
				D395681A1F4C6B9F007754E1 /* Products */,
			);
			sourceTree = "<group>";
		};
		D395681A1F4C6B9F007754E1 /* Products */ = {
			isa = PBXGroup;
			children = (
				D39568191F4C6B9F007754E1 /* SpeechKit.app */,
			);
			name = Products;
			sourceTree = "<group>";
		};
		D395681B1F4C6B9F007754E1 /* SpeechKit */ = {
			isa = PBXGroup;
			children = (
				D395681C1F4C6B9F007754E1 /* AppDelegate.swift */,
				D395681E1F4C6B9F007754E1 /* ViewController.swift */,
				D39568321F509C2D007754E1 /* RecordingVoice.swift */,
				D39568331F509C2D007754E1 /* Speech.swift */,
				D39568201F4C6B9F007754E1 /* Main.storyboard */,
				D39568231F4C6B9F007754E1 /* Assets.xcassets */,
				D39568251F4C6B9F007754E1 /* LaunchScreen.storyboard */,
				D39568281F4C6B9F007754E1 /* Info.plist */,
			);
			path = SpeechKit;
			sourceTree = "<group>";
		};
/* End PBXGroup section */

/* Begin PBXNativeTarget section */
		D39568181F4C6B9F007754E1 /* SpeechKit */ = {
			isa = PBXNativeTarget;
			buildConfigurationList = D395682B1F4C6B9F007754E1 /* Build configuration list for PBXNativeTarget "SpeechKit" */;
			buildPhases = (
				D39568151F4C6B9F007754E1 /* Sources */,
				D39568161F4C6B9F007754E1 /* Frameworks */,
				D39568171F4C6B9F007754E1 /* Resources */,
			);
			buildRules = (
			);
			dependencies = (
			);
			name = SpeechKit;
			productName = SpeechKit;
			productReference = D39568191F4C6B9F007754E1 /* SpeechKit.app */;
			productType = "com.apple.product-type.application";
		};
/* End PBXNativeTarget section */

/* Begin PBXProject section */
		D39568111F4C6B9F007754E1 /* Project object */ = {
			isa = PBXProject;
			attributes = {
				LastSwiftUpdateCheck = 0830;
				LastUpgradeCheck = 0830;
				ORGANIZATIONNAME = SuJustin;
				TargetAttributes = {
					D39568181F4C6B9F007754E1 = {
						CreatedOnToolsVersion = 8.3.3;
						ProvisioningStyle = Automatic;
					};
				};
			};
			buildConfigurationList = D39568141F4C6B9F007754E1 /* Build configuration list for PBXProject "SpeechKit" */;
			compatibilityVersion = "Xcode 3.2";
			developmentRegion = English;
			hasScannedForEncodings = 0;
			knownRegions = (
				en,
				Base,
			);
			mainGroup = D39568101F4C6B9F007754E1;
			productRefGroup = D395681A1F4C6B9F007754E1 /* Products */;
			projectDirPath = "";
			projectRoot = "";
			targets = (
				D39568181F4C6B9F007754E1 /* SpeechKit */,
			);
		};
/* End PBXProject section */

/* Begin PBXResourcesBuildPhase section */
		D39568171F4C6B9F007754E1 /* Resources */ = {
			isa = PBXResourcesBuildPhase;
			buildActionMask = 2147483647;
			files = (
				D39568271F4C6B9F007754E1 /* LaunchScreen.storyboard in Resources */,
				D39568241F4C6B9F007754E1 /* Assets.xcassets in Resources */,
				D39568221F4C6B9F007754E1 /* Main.storyboard in Resources */,
			);
			runOnlyForDeploymentPostprocessing = 0;
		};
/* End PBXResourcesBuildPhase section */

/* Begin PBXSourcesBuildPhase section */
		D39568151F4C6B9F007754E1 /* Sources */ = {
			isa = PBXSourcesBuildPhase;
			buildActionMask = 2147483647;
			files = (
				D39568341F509C2D007754E1 /* RecordingVoice.swift in Sources */,
				D395681F1F4C6B9F007754E1 /* ViewController.swift in Sources */,
				D395681D1F4C6B9F007754E1 /* AppDelegate.swift in Sources */,
				D39568351F509C2D007754E1 /* Speech.swift in Sources */,
			);
			runOnlyForDeploymentPostprocessing = 0;
		};
/* End PBXSourcesBuildPhase section */

/* Begin PBXVariantGroup section */
		D39568201F4C6B9F007754E1 /* Main.storyboard */ = {
			isa = PBXVariantGroup;
			children = (
				D39568211F4C6B9F007754E1 /* Base */,
			);
			name = Main.storyboard;
			sourceTree = "<group>";
		};
		D39568251F4C6B9F007754E1 /* LaunchScreen.storyboard */ = {
			isa = PBXVariantGroup;
			children = (
				D39568261F4C6B9F007754E1 /* Base */,
			);
			name = LaunchScreen.storyboard;
			sourceTree = "<group>";
		};
/* End PBXVariantGroup section */

/* Begin XCBuildConfiguration section */
		D39568291F4C6B9F007754E1 /* Debug */ = {
			isa = XCBuildConfiguration;
			buildSettings = {
				ALWAYS_SEARCH_USER_PATHS = NO;
				CLANG_ANALYZER_NONNULL = YES;
				CLANG_ANALYZER_NUMBER_OBJECT_CONVERSION = YES_AGGRESSIVE;
				CLANG_CXX_LANGUAGE_STANDARD = "gnu++0x";
				CLANG_CXX_LIBRARY = "libc++";
				CLANG_ENABLE_MODULES = YES;
				CLANG_ENABLE_OBJC_ARC = YES;
				CLANG_WARN_BOOL_CONVERSION = YES;
				CLANG_WARN_CONSTANT_CONVERSION = YES;
				CLANG_WARN_DIRECT_OBJC_ISA_USAGE = YES_ERROR;
				CLANG_WARN_DOCUMENTATION_COMMENTS = YES;
				CLANG_WARN_EMPTY_BODY = YES;
				CLANG_WARN_ENUM_CONVERSION = YES;
				CLANG_WARN_INFINITE_RECURSION = YES;
				CLANG_WARN_INT_CONVERSION = YES;
				CLANG_WARN_OBJC_ROOT_CLASS = YES_ERROR;
				CLANG_WARN_SUSPICIOUS_MOVE = YES;
				CLANG_WARN_UNREACHABLE_CODE = YES;
				CLANG_WARN__DUPLICATE_METHOD_MATCH = YES;
				"CODE_SIGN_IDENTITY[sdk=iphoneos*]" = "iPhone Developer";
				COPY_PHASE_STRIP = NO;
				DEBUG_INFORMATION_FORMAT = dwarf;
				ENABLE_STRICT_OBJC_MSGSEND = YES;
				ENABLE_TESTABILITY = YES;
				GCC_C_LANGUAGE_STANDARD = gnu99;
				GCC_DYNAMIC_NO_PIC = NO;
				GCC_NO_COMMON_BLOCKS = YES;
				GCC_OPTIMIZATION_LEVEL = 0;
				GCC_PREPROCESSOR_DEFINITIONS = (
					"DEBUG=1",
					"$(inherited)",
				);
				GCC_WARN_64_TO_32_BIT_CONVERSION = YES;
				GCC_WARN_ABOUT_RETURN_TYPE = YES_ERROR;
				GCC_WARN_UNDECLARED_SELECTOR = YES;
				GCC_WARN_UNINITIALIZED_AUTOS = YES_AGGRESSIVE;
				GCC_WARN_UNUSED_FUNCTION = YES;
				GCC_WARN_UNUSED_VARIABLE = YES;
				IPHONEOS_DEPLOYMENT_TARGET = 10.3;
				MTL_ENABLE_DEBUG_INFO = YES;
				ONLY_ACTIVE_ARCH = YES;
				SDKROOT = iphoneos;
				SWIFT_ACTIVE_COMPILATION_CONDITIONS = DEBUG;
				SWIFT_OPTIMIZATION_LEVEL = "-Onone";
			};
			name = Debug;
		};
		D395682A1F4C6B9F007754E1 /* Release */ = {
			isa = XCBuildConfiguration;
			buildSettings = {
				ALWAYS_SEARCH_USER_PATHS = NO;
				CLANG_ANALYZER_NONNULL = YES;
				CLANG_ANALYZER_NUMBER_OBJECT_CONVERSION = YES_AGGRESSIVE;
				CLANG_CXX_LANGUAGE_STANDARD = "gnu++0x";
				CLANG_CXX_LIBRARY = "libc++";
				CLANG_ENABLE_MODULES = YES;
				CLANG_ENABLE_OBJC_ARC = YES;
				CLANG_WARN_BOOL_CONVERSION = YES;
				CLANG_WARN_CONSTANT_CONVERSION = YES;
				CLANG_WARN_DIRECT_OBJC_ISA_USAGE = YES_ERROR;
				CLANG_WARN_DOCUMENTATION_COMMENTS = YES;
				CLANG_WARN_EMPTY_BODY = YES;
				CLANG_WARN_ENUM_CONVERSION = YES;
				CLANG_WARN_INFINITE_RECURSION = YES;
				CLANG_WARN_INT_CONVERSION = YES;
				CLANG_WARN_OBJC_ROOT_CLASS = YES_ERROR;
				CLANG_WARN_SUSPICIOUS_MOVE = YES;
				CLANG_WARN_UNREACHABLE_CODE = YES;
				CLANG_WARN__DUPLICATE_METHOD_MATCH = YES;
				"CODE_SIGN_IDENTITY[sdk=iphoneos*]" = "iPhone Developer";
				COPY_PHASE_STRIP = NO;
				DEBUG_INFORMATION_FORMAT = "dwarf-with-dsym";
				ENABLE_NS_ASSERTIONS = NO;
				ENABLE_STRICT_OBJC_MSGSEND = YES;
				GCC_C_LANGUAGE_STANDARD = gnu99;
				GCC_NO_COMMON_BLOCKS = YES;
				GCC_WARN_64_TO_32_BIT_CONVERSION = YES;
				GCC_WARN_ABOUT_RETURN_TYPE = YES_ERROR;
				GCC_WARN_UNDECLARED_SELECTOR = YES;
				GCC_WARN_UNINITIALIZED_AUTOS = YES_AGGRESSIVE;
				GCC_WARN_UNUSED_FUNCTION = YES;
				GCC_WARN_UNUSED_VARIABLE = YES;
				IPHONEOS_DEPLOYMENT_TARGET = 10.3;
				MTL_ENABLE_DEBUG_INFO = NO;
				SDKROOT = iphoneos;
				SWIFT_OPTIMIZATION_LEVEL = "-Owholemodule";
				VALIDATE_PRODUCT = YES;
			};
			name = Release;
		};
		D395682C1F4C6B9F007754E1 /* Debug */ = {
			isa = XCBuildConfiguration;
			buildSettings = {
				ASSETCATALOG_COMPILER_APPICON_NAME = AppIcon;
				DEVELOPMENT_TEAM = "";
				INFOPLIST_FILE = SpeechKit/Info.plist;
				LD_RUNPATH_SEARCH_PATHS = "$(inherited) @executable_path/Frameworks";
				PRODUCT_BUNDLE_IDENTIFIER = com.SuJustin.SpeechKitV2;
				PRODUCT_NAME = "$(TARGET_NAME)";
				SWIFT_VERSION = 3.0;
			};
			name = Debug;
		};
		D395682D1F4C6B9F007754E1 /* Release */ = {
			isa = XCBuildConfiguration;
			buildSettings = {
				ASSETCATALOG_COMPILER_APPICON_NAME = AppIcon;
				DEVELOPMENT_TEAM = "";
				INFOPLIST_FILE = SpeechKit/Info.plist;
				LD_RUNPATH_SEARCH_PATHS = "$(inherited) @executable_path/Frameworks";
				PRODUCT_BUNDLE_IDENTIFIER = com.SuJustin.SpeechKitV2;
				PRODUCT_NAME = "$(TARGET_NAME)";
				SWIFT_VERSION = 3.0;
			};
			name = Release;
		};
/* End XCBuildConfiguration section */

/* Begin XCConfigurationList section */
		D39568141F4C6B9F007754E1 /* Build configuration list for PBXProject "SpeechKit" */ = {
			isa = XCConfigurationList;
			buildConfigurations = (
				D39568291F4C6B9F007754E1 /* Debug */,
				D395682A1F4C6B9F007754E1 /* Release */,
			);
			defaultConfigurationIsVisible = 0;
			defaultConfigurationName = Release;
		};
		D395682B1F4C6B9F007754E1 /* Build configuration list for PBXNativeTarget "SpeechKit" */ = {
			isa = XCConfigurationList;
			buildConfigurations = (
				D395682C1F4C6B9F007754E1 /* Debug */,
				D395682D1F4C6B9F007754E1 /* Release */,
			);
			defaultConfigurationIsVisible = 0;
		};
/* End XCConfigurationList section */
	};
	rootObject = D39568111F4C6B9F007754E1 /* Project object */;
}
